{
  "name": "its-i18n-smoke-test",
  "version": "0.1.0",
  "lockfileVersion": 3,
  "requires": true,
  "packages": {
    "": {
      "name": "its-i18n-smoke-test",
      "version": "0.1.0",
      "license": "MIT",
      "dependencies": {
        "its-i18n": "latest"
      }
    },
    "node_modules/its-i18n": {
      "version": "0.2.0",
      "resolved": "https://registry.npmjs.org/its-i18n/-/its-i18n-0.2.0.tgz",
      "integrity": "sha512-QYHGFyieQ+6fQe4S6WImiHZS25S3FlcwtnW4piyJy8Q/mAust8tHXPXD8UO6hyL6p90HivY+dk6G+uJ0J4v+9g=="
    }
  }
}
